{
    "name": "node-red-project",
    "version": "0.0.1",
    "lockfileVersion": 1,
    "requires": true,
    "dependencies": {
        "bluebird": {
            "version": "3.5.3",
            "resolved": "https://registry.npmjs.org/bluebird/-/bluebird-3.5.3.tgz",
            "integrity": "sha512-/qKPUQlaW1OyR51WeCPBvRnAlnZFUJkCSG5HzGnuIqhgyJtF+T94lFnn33eiazjRm2LAHVy2guNnaq48X9SJuw=="
        },
        "fcm-push": {
            "version": "1.1.3",
            "resolved": "https://registry.npmjs.org/fcm-push/-/fcm-push-1.1.3.tgz",
            "integrity": "sha1-cScfTjYlpuwn/4VgflgsFpc71MY=",
            "requires": {
                "bluebird": "^3.4.1",
                "retry": "^0.9.0"
            }
        },
        "ip": {
            "version": "1.1.5",
            "resolved": "https://registry.npmjs.org/ip/-/ip-1.1.5.tgz",
            "integrity": "sha1-vd7XARQpCCjAoDnnLvJfWq7ENUo="
        },
        "is-absolute": {
            "version": "0.2.6",
            "resolved": "https://registry.npmjs.org/is-absolute/-/is-absolute-0.2.6.tgz",
            "integrity": "sha1-IN5p89uULvLYe5wto28XIjWxtes=",
            "requires": {
                "is-relative": "^0.2.1",
                "is-windows": "^0.2.0"
            }
        },
        "is-relative": {
            "version": "0.2.1",
            "resolved": "https://registry.npmjs.org/is-relative/-/is-relative-0.2.1.tgz",
            "integrity": "sha1-0n9MfVFtF1+2ENuEu+7yPDvJeqU=",
            "requires": {
                "is-unc-path": "^0.1.1"
            }
        },
        "is-unc-path": {
            "version": "0.1.2",
            "resolved": "https://registry.npmjs.org/is-unc-path/-/is-unc-path-0.1.2.tgz",
            "integrity": "sha1-arBTpyVzwQJQ/0FqOBTDUXivObk=",
            "requires": {
                "unc-path-regex": "^0.1.0"
            }
        },
        "is-windows": {
            "version": "0.2.0",
            "resolved": "https://registry.npmjs.org/is-windows/-/is-windows-0.2.0.tgz",
            "integrity": "sha1-3hqm1j6indJIc3tp8f+LgALSEIw="
        },
        "minimist": {
            "version": "0.0.8",
            "resolved": "https://registry.npmjs.org/minimist/-/minimist-0.0.8.tgz",
            "integrity": "sha1-hX/Kv8M5fSYluCKCYuhqp6ARsF0="
        },
        "mkdirp": {
            "version": "0.5.1",
            "resolved": "https://registry.npmjs.org/mkdirp/-/mkdirp-0.5.1.tgz",
            "integrity": "sha1-MAV0OOrGz3+MR2fzhkjWaX11yQM=",
            "requires": {
                "minimist": "0.0.8"
            }
        },
        "node-persist": {
            "version": "2.1.0",
            "resolved": "https://registry.npmjs.org/node-persist/-/node-persist-2.1.0.tgz",
            "integrity": "sha1-5lK784haBNrWo1PXQXYXfIORRwc=",
            "requires": {
                "is-absolute": "^0.2.6",
                "mkdirp": "~0.5.1",
                "q": "~1.1.1"
            }
        },
        "node-red-contrib-alexa-local": {
            "version": "0.3.24",
            "resolved": "https://registry.npmjs.org/node-red-contrib-alexa-local/-/node-red-contrib-alexa-local-0.3.24.tgz",
            "integrity": "sha512-ToDCFamWjJqDR4qdH6XcvLMvDe65K1HHfkVR50qa33Ttb+nVA7xXi7JV5c1bbeAkloGnvxPYiiRSjv+wz4cTQg==",
            "requires": {
                "ip": "^1.1.5",
                "node-persist": "^2.1.0",
                "peer-ssdp": "0.0.5",
                "stoppable": "^1.0.4"
            }
        },
        "node-red-contrib-fcm-push-node": {
            "version": "0.0.2",
            "resolved": "https://registry.npmjs.org/node-red-contrib-fcm-push-node/-/node-red-contrib-fcm-push-node-0.0.2.tgz",
            "integrity": "sha512-QXQeNs2GiQGfnvALyCq/ymzNIAJRwuMYTvauw1Nx+vZphXr2Q9KLexAovrtOU1ApdDmGqExqWeKHrszCdOF4dQ==",
            "requires": {
                "fcm-push": "^1.1.2"
            }
        },
        "peer-ssdp": {
            "version": "0.0.5",
            "resolved": "https://registry.npmjs.org/peer-ssdp/-/peer-ssdp-0.0.5.tgz",
            "integrity": "sha1-G5FVuolGXszE3iy6LAOOSf3iooE="
        },
        "q": {
            "version": "1.1.2",
            "resolved": "https://registry.npmjs.org/q/-/q-1.1.2.tgz",
            "integrity": "sha1-Y1fikSBnAdmfGXq4TlforRlvKok="
        },
        "retry": {
            "version": "0.9.0",
            "resolved": "https://registry.npmjs.org/retry/-/retry-0.9.0.tgz",
            "integrity": "sha1-b2l+UKDk3cjI9/tUeptg3q1DZ40="
        },
        "stoppable": {
            "version": "1.1.0",
            "resolved": "https://registry.npmjs.org/stoppable/-/stoppable-1.1.0.tgz",
            "integrity": "sha512-KXDYZ9dszj6bzvnEMRYvxgeTHU74QBFL54XKtP3nyMuJ81CFYtABZ3bAzL2EdFUaEwJOBOgENyFj3R7oTzDyyw=="
        },
        "unc-path-regex": {
            "version": "0.1.2",
            "resolved": "https://registry.npmjs.org/unc-path-regex/-/unc-path-regex-0.1.2.tgz",
            "integrity": "sha1-5z3T17DXxe2G+6xrCufYxqadUPo="
        }
    }
}
